// !$*UTF8*$!
{
	archiveVersion = 1;
	classes = {
	};
	objectVersion = 46;
	objects = {

/* Begin PBXBuildFile section */
		C8903ABD1E803F4700A7BFCD /* Assets.xcassets in Resources */ = {isa = PBXBuildFile; fileRef = C8903ABC1E803F4700A7BFCD /* Assets.xcassets */; };
		C8F7978D1ED23A2900EC3707 /* Launch Screen.storyboard in Resources */ = {isa = PBXBuildFile; fileRef = C8F7978C1ED23A2900EC3707 /* Launch Screen.storyboard */; };
		C8F7978F1ED23A3800EC3707 /* Main.storyboard in Resources */ = {isa = PBXBuildFile; fileRef = C8F7978E1ED23A3800EC3707 /* Main.storyboard */; };
		C8F797971ED2437600EC3707 /* TweetDetailViewController.swift in Sources */ = {isa = PBXBuildFile; fileRef = C8F797921ED2437600EC3707 /* TweetDetailViewController.swift */; };
		C8F797981ED2437600EC3707 /* HomeTimelineViewController.swift in Sources */ = {isa = PBXBuildFile; fileRef = C8F797931ED2437600EC3707 /* HomeTimelineViewController.swift */; };
		C8F797991ED2437600EC3707 /* UserDetailViewController.swift in Sources */ = {isa = PBXBuildFile; fileRef = C8F797941ED2437600EC3707 /* UserDetailViewController.swift */; };
		C8F7979A1ED2437600EC3707 /* UserTimelineViewController.swift in Sources */ = {isa = PBXBuildFile; fileRef = C8F797951ED2437600EC3707 /* UserTimelineViewController.swift */; };
		C8F7979B1ED2437600EC3707 /* AppDelegate.swift in Sources */ = {isa = PBXBuildFile; fileRef = C8F797961ED2437600EC3707 /* AppDelegate.swift */; };
		C8F797A41ED2437F00EC3707 /* API.swift in Sources */ = {isa = PBXBuildFile; fileRef = C8F7979C1ED2437F00EC3707 /* API.swift */; };
		C8F797A51ED2437F00EC3707 /* UIExtensions.swift in Sources */ = {isa = PBXBuildFile; fileRef = C8F7979D1ED2437F00EC3707 /* UIExtensions.swift */; };
		C8F797A61ED2437F00EC3707 /* Tweet.swift in Sources */ = {isa = PBXBuildFile; fileRef = C8F7979E1ED2437F00EC3707 /* Tweet.swift */; };
		C8F797A71ED2437F00EC3707 /* TweetCell.swift in Sources */ = {isa = PBXBuildFile; fileRef = C8F7979F1ED2437F00EC3707 /* TweetCell.swift */; };
		C8F797A81ED2437F00EC3707 /* User.swift in Sources */ = {isa = PBXBuildFile; fileRef = C8F797A01ED2437F00EC3707 /* User.swift */; };
		C8F797A91ED2437F00EC3707 /* tweet.json in Resources */ = {isa = PBXBuildFile; fileRef = C8F797A11ED2437F00EC3707 /* tweet.json */; };
		C8F797AA1ED2437F00EC3707 /* JSONParser.swift in Sources */ = {isa = PBXBuildFile; fileRef = C8F797A21ED2437F00EC3707 /* JSONParser.swift */; };
		C8F797AB1ED2437F00EC3707 /* Tweets.swift in Sources */ = {isa = PBXBuildFile; fileRef = C8F797A31ED2437F00EC3707 /* Tweets.swift */; };
		C8F797B21ED2458100EC3707 /* TweetNibCell.swift in Sources */ = {isa = PBXBuildFile; fileRef = C8F797B01ED2458100EC3707 /* TweetNibCell.swift */; };
		C8F797B31ED2458100EC3707 /* TweetNibCell.xib in Resources */ = {isa = PBXBuildFile; fileRef = C8F797B11ED2458100EC3707 /* TweetNibCell.xib */; };
/* End PBXBuildFile section */

/* Begin PBXFileReference section */
		C8903AB21E803F4700A7BFCD /* TwitterClient.app */ = {isa = PBXFileReference; explicitFileType = wrapper.application; includeInIndex = 0; path = TwitterClient.app; sourceTree = BUILT_PRODUCTS_DIR; };
		C8903ABC1E803F4700A7BFCD /* Assets.xcassets */ = {isa = PBXFileReference; lastKnownFileType = folder.assetcatalog; path = Assets.xcassets; sourceTree = "<group>"; };
		C8903AC11E803F4700A7BFCD /* Info.plist */ = {isa = PBXFileReference; lastKnownFileType = text.plist.xml; path = Info.plist; sourceTree = "<group>"; };
		C8F7978C1ED23A2900EC3707 /* Launch Screen.storyboard */ = {isa = PBXFileReference; fileEncoding = 4; lastKnownFileType = file.storyboard; path = "Launch Screen.storyboard"; sourceTree = SOURCE_ROOT; };
		C8F7978E1ED23A3800EC3707 /* Main.storyboard */ = {isa = PBXFileReference; fileEncoding = 4; lastKnownFileType = file.storyboard; path = Main.storyboard; sourceTree = SOURCE_ROOT; };
		C8F797921ED2437600EC3707 /* TweetDetailViewController.swift */ = {isa = PBXFileReference; fileEncoding = 4; lastKnownFileType = sourcecode.swift; path = TweetDetailViewController.swift; sourceTree = "<group>"; };
		C8F797931ED2437600EC3707 /* HomeTimelineViewController.swift */ = {isa = PBXFileReference; fileEncoding = 4; lastKnownFileType = sourcecode.swift; path = HomeTimelineViewController.swift; sourceTree = "<group>"; };
		C8F797941ED2437600EC3707 /* UserDetailViewController.swift */ = {isa = PBXFileReference; fileEncoding = 4; lastKnownFileType = sourcecode.swift; path = UserDetailViewController.swift; sourceTree = "<group>"; };
		C8F797951ED2437600EC3707 /* UserTimelineViewController.swift */ = {isa = PBXFileReference; fileEncoding = 4; lastKnownFileType = sourcecode.swift; path = UserTimelineViewController.swift; sourceTree = "<group>"; };
		C8F797961ED2437600EC3707 /* AppDelegate.swift */ = {isa = PBXFileReference; fileEncoding = 4; lastKnownFileType = sourcecode.swift; path = AppDelegate.swift; sourceTree = "<group>"; };
		C8F7979C1ED2437F00EC3707 /* API.swift */ = {isa = PBXFileReference; fileEncoding = 4; lastKnownFileType = sourcecode.swift; path = API.swift; sourceTree = "<group>"; };
		C8F7979D1ED2437F00EC3707 /* UIExtensions.swift */ = {isa = PBXFileReference; fileEncoding = 4; lastKnownFileType = sourcecode.swift; path = UIExtensions.swift; sourceTree = "<group>"; };
		C8F7979E1ED2437F00EC3707 /* Tweet.swift */ = {isa = PBXFileReference; fileEncoding = 4; lastKnownFileType = sourcecode.swift; path = Tweet.swift; sourceTree = "<group>"; };
		C8F7979F1ED2437F00EC3707 /* TweetCell.swift */ = {isa = PBXFileReference; fileEncoding = 4; lastKnownFileType = sourcecode.swift; path = TweetCell.swift; sourceTree = "<group>"; };
		C8F797A01ED2437F00EC3707 /* User.swift */ = {isa = PBXFileReference; fileEncoding = 4; lastKnownFileType = sourcecode.swift; path = User.swift; sourceTree = "<group>"; };
		C8F797A11ED2437F00EC3707 /* tweet.json */ = {isa = PBXFileReference; fileEncoding = 4; lastKnownFileType = text.json; path = tweet.json; sourceTree = "<group>"; };
		C8F797A21ED2437F00EC3707 /* JSONParser.swift */ = {isa = PBXFileReference; fileEncoding = 4; lastKnownFileType = sourcecode.swift; path = JSONParser.swift; sourceTree = "<group>"; };
		C8F797A31ED2437F00EC3707 /* Tweets.swift */ = {isa = PBXFileReference; fileEncoding = 4; lastKnownFileType = sourcecode.swift; path = Tweets.swift; sourceTree = "<group>"; };
		C8F797B01ED2458100EC3707 /* TweetNibCell.swift */ = {isa = PBXFileReference; fileEncoding = 4; lastKnownFileType = sourcecode.swift; name = TweetNibCell.swift; path = TwitterClient/TweetNibCell.swift; sourceTree = SOURCE_ROOT; };
		C8F797B11ED2458100EC3707 /* TweetNibCell.xib */ = {isa = PBXFileReference; fileEncoding = 4; lastKnownFileType = file.xib; name = TweetNibCell.xib; path = TwitterClient/TweetNibCell.xib; sourceTree = SOURCE_ROOT; };
/* End PBXFileReference section */

/* Begin PBXFrameworksBuildPhase section */
		C8903AAF1E803F4700A7BFCD /* Frameworks */ = {
			isa = PBXFrameworksBuildPhase;
			buildActionMask = 2147483647;
			files = (
			);
			runOnlyForDeploymentPostprocessing = 0;
		};
/* End PBXFrameworksBuildPhase section */

/* Begin PBXGroup section */
		C8903AA91E803F4600A7BFCD = {
			isa = PBXGroup;
			children = (
				C8903AB41E803F4700A7BFCD /* TwitterClient */,
				C8903AB31E803F4700A7BFCD /* Products */,
			);
			sourceTree = "<group>";
		};
		C8903AB31E803F4700A7BFCD /* Products */ = {
			isa = PBXGroup;
			children = (
				C8903AB21E803F4700A7BFCD /* TwitterClient.app */,
			);
			name = Products;
			sourceTree = "<group>";
		};
		C8903AB41E803F4700A7BFCD /* TwitterClient */ = {
			isa = PBXGroup;
			children = (
				C8903B141E8421E700A7BFCD /* View */,
				C8903AD81E82DAE300A7BFCD /* Controller */,
				C8903AD61E82DAD100A7BFCD /* Model */,
				C8903ABC1E803F4700A7BFCD /* Assets.xcassets */,
				C8903AC11E803F4700A7BFCD /* Info.plist */,
			);
			path = TwitterClient;
			sourceTree = "<group>";
		};
		C8903AD61E82DAD100A7BFCD /* Model */ = {
			isa = PBXGroup;
			children = (
				C8F7979C1ED2437F00EC3707 /* API.swift */,
				C8F7979D1ED2437F00EC3707 /* UIExtensions.swift */,
				C8F7979E1ED2437F00EC3707 /* Tweet.swift */,
				C8F7979F1ED2437F00EC3707 /* TweetCell.swift */,
				C8F797A01ED2437F00EC3707 /* User.swift */,
				C8F797A11ED2437F00EC3707 /* tweet.json */,
				C8F797A21ED2437F00EC3707 /* JSONParser.swift */,
				C8F797A31ED2437F00EC3707 /* Tweets.swift */,
			);
			name = Model;
			sourceTree = "<group>";
		};
		C8903AD81E82DAE300A7BFCD /* Controller */ = {
			isa = PBXGroup;
			children = (
				C8F797921ED2437600EC3707 /* TweetDetailViewController.swift */,
				C8F797931ED2437600EC3707 /* HomeTimelineViewController.swift */,
				C8F797941ED2437600EC3707 /* UserDetailViewController.swift */,
				C8F797951ED2437600EC3707 /* UserTimelineViewController.swift */,
				C8F797961ED2437600EC3707 /* AppDelegate.swift */,
			);
			name = Controller;
			sourceTree = "<group>";
		};
		C8903B141E8421E700A7BFCD /* View */ = {
			isa = PBXGroup;
			children = (
				C8F7978C1ED23A2900EC3707 /* Launch Screen.storyboard */,
				C8F7978E1ED23A3800EC3707 /* Main.storyboard */,
				C8F797B01ED2458100EC3707 /* TweetNibCell.swift */,
				C8F797B11ED2458100EC3707 /* TweetNibCell.xib */,
			);
			name = View;
			path = "../../../test-twitter-client/twitter-client/Twitter Client/Twitter Client";
			sourceTree = "<group>";
		};
/* End PBXGroup section */

/* Begin PBXNativeTarget section */
		C8903AB11E803F4700A7BFCD /* TwitterClient */ = {
			isa = PBXNativeTarget;
			buildConfigurationList = C8903AC41E803F4700A7BFCD /* Build configuration list for PBXNativeTarget "TwitterClient" */;
			buildPhases = (
				C8903AAE1E803F4700A7BFCD /* Sources */,
				C8903AAF1E803F4700A7BFCD /* Frameworks */,
				C8903AB01E803F4700A7BFCD /* Resources */,
			);
			buildRules = (
			);
			dependencies = (
			);
			name = TwitterClient;
			productName = TwitterClient;
			productReference = C8903AB21E803F4700A7BFCD /* TwitterClient.app */;
			productType = "com.apple.product-type.application";
		};
/* End PBXNativeTarget section */

/* Begin PBXProject section */
		C8903AAA1E803F4600A7BFCD /* Project object */ = {
			isa = PBXProject;
			attributes = {
				LastSwiftUpdateCheck = 0820;
				LastUpgradeCheck = 0820;
				ORGANIZATIONNAME = "Austin Rogers";
				TargetAttributes = {
					C8903AB11E803F4700A7BFCD = {
						CreatedOnToolsVersion = 8.2.1;
						DevelopmentTeam = 8EL2FG2Q62;
						ProvisioningStyle = Automatic;
					};
				};
			};
			buildConfigurationList = C8903AAD1E803F4600A7BFCD /* Build configuration list for PBXProject "TwitterClient" */;
			compatibilityVersion = "Xcode 3.2";
			developmentRegion = English;
			hasScannedForEncodings = 0;
			knownRegions = (
				en,
				Base,
			);
			mainGroup = C8903AA91E803F4600A7BFCD;
			productRefGroup = C8903AB31E803F4700A7BFCD /* Products */;
			projectDirPath = "";
			projectRoot = "";
			targets = (
				C8903AB11E803F4700A7BFCD /* TwitterClient */,
			);
		};
/* End PBXProject section */

/* Begin PBXResourcesBuildPhase section */
		C8903AB01E803F4700A7BFCD /* Resources */ = {
			isa = PBXResourcesBuildPhase;
			buildActionMask = 2147483647;
			files = (
				C8F797B31ED2458100EC3707 /* TweetNibCell.xib in Resources */,
				C8F797A91ED2437F00EC3707 /* tweet.json in Resources */,
				C8F7978F1ED23A3800EC3707 /* Main.storyboard in Resources */,
				C8903ABD1E803F4700A7BFCD /* Assets.xcassets in Resources */,
				C8F7978D1ED23A2900EC3707 /* Launch Screen.storyboard in Resources */,
			);
			runOnlyForDeploymentPostprocessing = 0;
		};
/* End PBXResourcesBuildPhase section */

/* Begin PBXSourcesBuildPhase section */
		C8903AAE1E803F4700A7BFCD /* Sources */ = {
			isa = PBXSourcesBuildPhase;
			buildActionMask = 2147483647;
			files = (
				C8F7979B1ED2437600EC3707 /* AppDelegate.swift in Sources */,
				C8F797AB1ED2437F00EC3707 /* Tweets.swift in Sources */,
				C8F797AA1ED2437F00EC3707 /* JSONParser.swift in Sources */,
				C8F797981ED2437600EC3707 /* HomeTimelineViewController.swift in Sources */,
				C8F797A61ED2437F00EC3707 /* Tweet.swift in Sources */,
				C8F797A51ED2437F00EC3707 /* UIExtensions.swift in Sources */,
				C8F7979A1ED2437600EC3707 /* UserTimelineViewController.swift in Sources */,
				C8F797991ED2437600EC3707 /* UserDetailViewController.swift in Sources */,
				C8F797B21ED2458100EC3707 /* TweetNibCell.swift in Sources */,
				C8F797A71ED2437F00EC3707 /* TweetCell.swift in Sources */,
				C8F797971ED2437600EC3707 /* TweetDetailViewController.swift in Sources */,
				C8F797A41ED2437F00EC3707 /* API.swift in Sources */,
				C8F797A81ED2437F00EC3707 /* User.swift in Sources */,
			);
			runOnlyForDeploymentPostprocessing = 0;
		};
/* End PBXSourcesBuildPhase section */

/* Begin XCBuildConfiguration section */
		C8903AC21E803F4700A7BFCD /* Debug */ = {
			isa = XCBuildConfiguration;
			buildSettings = {
				ALWAYS_SEARCH_USER_PATHS = NO;
				CLANG_ANALYZER_NONNULL = YES;
				CLANG_CXX_LANGUAGE_STANDARD = "gnu++0x";
				CLANG_CXX_LIBRARY = "libc++";
				CLANG_ENABLE_MODULES = YES;
				CLANG_ENABLE_OBJC_ARC = YES;
				CLANG_WARN_BOOL_CONVERSION = YES;
				CLANG_WARN_CONSTANT_CONVERSION = YES;
				CLANG_WARN_DIRECT_OBJC_ISA_USAGE = YES_ERROR;
				CLANG_WARN_DOCUMENTATION_COMMENTS = YES;
				CLANG_WARN_EMPTY_BODY = YES;
				CLANG_WARN_ENUM_CONVERSION = YES;
				CLANG_WARN_INFINITE_RECURSION = YES;
				CLANG_WARN_INT_CONVERSION = YES;
				CLANG_WARN_OBJC_ROOT_CLASS = YES_ERROR;
				CLANG_WARN_SUSPICIOUS_MOVE = YES;
				CLANG_WARN_UNREACHABLE_CODE = YES;
				CLANG_WARN__DUPLICATE_METHOD_MATCH = YES;
				"CODE_SIGN_IDENTITY[sdk=iphoneos*]" = "iPhone Developer";
				COPY_PHASE_STRIP = NO;
				DEBUG_INFORMATION_FORMAT = dwarf;
				ENABLE_STRICT_OBJC_MSGSEND = YES;
				ENABLE_TESTABILITY = YES;
				GCC_C_LANGUAGE_STANDARD = gnu99;
				GCC_DYNAMIC_NO_PIC = NO;
				GCC_NO_COMMON_BLOCKS = YES;
				GCC_OPTIMIZATION_LEVEL = 0;
				GCC_PREPROCESSOR_DEFINITIONS = (
					"DEBUG=1",
					"$(inherited)",
				);
				GCC_WARN_64_TO_32_BIT_CONVERSION = YES;
				GCC_WARN_ABOUT_RETURN_TYPE = YES_ERROR;
				GCC_WARN_UNDECLARED_SELECTOR = YES;
				GCC_WARN_UNINITIALIZED_AUTOS = YES_AGGRESSIVE;
				GCC_WARN_UNUSED_FUNCTION = YES;
				GCC_WARN_UNUSED_VARIABLE = YES;
				IPHONEOS_DEPLOYMENT_TARGET = 10.2;
				MTL_ENABLE_DEBUG_INFO = YES;
				ONLY_ACTIVE_ARCH = YES;
				SDKROOT = iphoneos;
				SWIFT_ACTIVE_COMPILATION_CONDITIONS = DEBUG;
				SWIFT_OPTIMIZATION_LEVEL = "-Onone";
				TARGETED_DEVICE_FAMILY = "1,2";
			};
			name = Debug;
		};
		C8903AC31E803F4700A7BFCD /* Release */ = {
			isa = XCBuildConfiguration;
			buildSettings = {
				ALWAYS_SEARCH_USER_PATHS = NO;
				CLANG_ANALYZER_NONNULL = YES;
				CLANG_CXX_LANGUAGE_STANDARD = "gnu++0x";
				CLANG_CXX_LIBRARY = "libc++";
				CLANG_ENABLE_MODULES = YES;
				CLANG_ENABLE_OBJC_ARC = YES;
				CLANG_WARN_BOOL_CONVERSION = YES;
				CLANG_WARN_CONSTANT_CONVERSION = YES;
				CLANG_WARN_DIRECT_OBJC_ISA_USAGE = YES_ERROR;
				CLANG_WARN_DOCUMENTATION_COMMENTS = YES;
				CLANG_WARN_EMPTY_BODY = YES;
				CLANG_WARN_ENUM_CONVERSION = YES;
				CLANG_WARN_INFINITE_RECURSION = YES;
				CLANG_WARN_INT_CONVERSION = YES;
				CLANG_WARN_OBJC_ROOT_CLASS = YES_ERROR;
				CLANG_WARN_SUSPICIOUS_MOVE = YES;
				CLANG_WARN_UNREACHABLE_CODE = YES;
				CLANG_WARN__DUPLICATE_METHOD_MATCH = YES;
				"CODE_SIGN_IDENTITY[sdk=iphoneos*]" = "iPhone Developer";
				COPY_PHASE_STRIP = NO;
				DEBUG_INFORMATION_FORMAT = "dwarf-with-dsym";
				ENABLE_NS_ASSERTIONS = NO;
				ENABLE_STRICT_OBJC_MSGSEND = YES;
				GCC_C_LANGUAGE_STANDARD = gnu99;
				GCC_NO_COMMON_BLOCKS = YES;
				GCC_WARN_64_TO_32_BIT_CONVERSION = YES;
				GCC_WARN_ABOUT_RETURN_TYPE = YES_ERROR;
				GCC_WARN_UNDECLARED_SELECTOR = YES;
				GCC_WARN_UNINITIALIZED_AUTOS = YES_AGGRESSIVE;
				GCC_WARN_UNUSED_FUNCTION = YES;
				GCC_WARN_UNUSED_VARIABLE = YES;
				IPHONEOS_DEPLOYMENT_TARGET = 10.2;
				MTL_ENABLE_DEBUG_INFO = NO;
				SDKROOT = iphoneos;
				SWIFT_OPTIMIZATION_LEVEL = "-Owholemodule";
				TARGETED_DEVICE_FAMILY = "1,2";
				VALIDATE_PRODUCT = YES;
			};
			name = Release;
		};
		C8903AC51E803F4700A7BFCD /* Debug */ = {
			isa = XCBuildConfiguration;
			buildSettings = {
				ASSETCATALOG_COMPILER_APPICON_NAME = AppIcon;
				DEVELOPMENT_TEAM = 8EL2FG2Q62;
				INFOPLIST_FILE = TwitterClient/Info.plist;
				LD_RUNPATH_SEARCH_PATHS = "$(inherited) @executable_path/Frameworks";
				PRODUCT_BUNDLE_IDENTIFIER = com.AustinRogers.TwitterClient;
				PRODUCT_NAME = "$(TARGET_NAME)";
				SWIFT_VERSION = 3.0;
			};
			name = Debug;
		};
		C8903AC61E803F4700A7BFCD /* Release */ = {
			isa = XCBuildConfiguration;
			buildSettings = {
				ASSETCATALOG_COMPILER_APPICON_NAME = AppIcon;
				DEVELOPMENT_TEAM = 8EL2FG2Q62;
				INFOPLIST_FILE = TwitterClient/Info.plist;
				LD_RUNPATH_SEARCH_PATHS = "$(inherited) @executable_path/Frameworks";
				PRODUCT_BUNDLE_IDENTIFIER = com.AustinRogers.TwitterClient;
				PRODUCT_NAME = "$(TARGET_NAME)";
				SWIFT_VERSION = 3.0;
			};
			name = Release;
		};
/* End XCBuildConfiguration section */

/* Begin XCConfigurationList section */
		C8903AAD1E803F4600A7BFCD /* Build configuration list for PBXProject "TwitterClient" */ = {
			isa = XCConfigurationList;
			buildConfigurations = (
				C8903AC21E803F4700A7BFCD /* Debug */,
				C8903AC31E803F4700A7BFCD /* Release */,
			);
			defaultConfigurationIsVisible = 0;
			defaultConfigurationName = Release;
		};
		C8903AC41E803F4700A7BFCD /* Build configuration list for PBXNativeTarget "TwitterClient" */ = {
			isa = XCConfigurationList;
			buildConfigurations = (
				C8903AC51E803F4700A7BFCD /* Debug */,
				C8903AC61E803F4700A7BFCD /* Release */,
			);
			defaultConfigurationIsVisible = 0;
			defaultConfigurationName = Release;
		};
/* End XCConfigurationList section */
	};
	rootObject = C8903AAA1E803F4600A7BFCD /* Project object */;
}
